
Microsoft Visual Studio Solution File, Format Version 12.00
# Visual Studio Version 16
VisualStudioVersion = 16.0.31729.503
MinimumVisualStudioVersion = 10.0.40219.1
Project("{FAE04EC0-301F-11D3-BF4B-00C04F79EFBC}") = "Player", "Player\Player.csproj", "{244EC6F6-CC37-43E9-8B2F-D0E5362A4BBE}"
EndProject
Global
	GlobalSection(SolutionConfigurationPlatforms) = preSolution
		Debug|Any CPU = Debug|Any CPU
		Release|Any CPU = Release|Any CPU
	EndGlobalSection
	GlobalSection(ProjectConfigurationPlatforms) = postSolution
		{244EC6F6-CC37-43E9-8B2F-D0E5362A4BBE}.Debug|Any CPU.ActiveCfg = Debug|Any CPU
		{244EC6F6-CC37-43E9-8B2F-D0E5362A4BBE}.Debug|Any CPU.Build.0 = Debug|Any CPU
		{244EC6F6-CC37-43E9-8B2F-D0E5362A4BBE}.Release|Any CPU.ActiveCfg = Release|Any CPU
		{244EC6F6-CC37-43E9-8B2F-D0E5362A4BBE}.Release|Any CPU.Build.0 = Release|Any CPU
	EndGlobalSection
	GlobalSection(SolutionProperties) = preSolution
		HideSolutionNode = FALSE
	EndGlobalSection
	GlobalSection(ExtensibilityGlobals) = postSolution
		SolutionGuid = {54381FF0-B614-4ED5-8FA4-1A67DFFD9E22}
	EndGlobalSection
EndGlobal
